
Microsoft Visual Studio Solution File, Format Version 12.00
Project("{FAE04EC0-301F-11D3-BF4B-00C04F79EFBC}") = "VnResourceTestBE", "VnResourceTestBE\VnResourceTestBE.csproj", "{8AC4002C-87AA-4567-9944-0CC5C215CE28}"
EndProject
Global
	GlobalSection(SolutionConfigurationPlatforms) = preSolution
		Debug|Any CPU = Debug|Any CPU
		Release|Any CPU = Release|Any CPU
	EndGlobalSection
	GlobalSection(ProjectConfigurationPlatforms) = postSolution
		{8AC4002C-87AA-4567-9944-0CC5C215CE28}.Debug|Any CPU.ActiveCfg = Debug|Any CPU
		{8AC4002C-87AA-4567-9944-0CC5C215CE28}.Debug|Any CPU.Build.0 = Debug|Any CPU
		{8AC4002C-87AA-4567-9944-0CC5C215CE28}.Release|Any CPU.ActiveCfg = Release|Any CPU
		{8AC4002C-87AA-4567-9944-0CC5C215CE28}.Release|Any CPU.Build.0 = Release|Any CPU
	EndGlobalSection
EndGlobal
